{
  "nodes": {
    "nixpkgs": {
      "locked": {
        "lastModified": 1678086707,
        "narHash": "sha256-y1uXdxzinIne4FW3TF7DCtxEB9gAbQ4qnbpYzhvkFm8=",
        "owner": "nixos",
        "repo": "nixpkgs",
        "rev": "21eda9bc80bef824a037582b1e5a43ba74e92daa",
        "type": "github"
      },
      "original": {
        "owner": "nixos",
        "ref": "nixpkgs-unstable",
        "repo": "nixpkgs",
        "type": "github"
      }
    },
    "root": {
      "inputs": {
        "nixpkgs": "nixpkgs"
      }
    }
  },
  "root": "root",
  "version": 7
}
